// !$*UTF8*$!
{
	archiveVersion = 1;
	classes = {
	};
	objectVersion = 50;
	objects = {

/* Begin PBXBuildFile section */
		CCB922ED2073EE4200B1AF74 /* AppDelegate.swift in Sources */ = {isa = PBXBuildFile; fileRef = CCB922EC2073EE4200B1AF74 /* AppDelegate.swift */; };
		CCB922EF2073EE4200B1AF74 /* ViewController.swift in Sources */ = {isa = PBXBuildFile; fileRef = CCB922EE2073EE4200B1AF74 /* ViewController.swift */; };
		CCB922F22073EE4200B1AF74 /* Main.storyboard in Resources */ = {isa = PBXBuildFile; fileRef = CCB922F02073EE4200B1AF74 /* Main.storyboard */; };
		CCB922F42073EE4300B1AF74 /* Assets.xcassets in Resources */ = {isa = PBXBuildFile; fileRef = CCB922F32073EE4300B1AF74 /* Assets.xcassets */; };
		CCB922F72073EE4300B1AF74 /* LaunchScreen.storyboard in Resources */ = {isa = PBXBuildFile; fileRef = CCB922F52073EE4300B1AF74 /* LaunchScreen.storyboard */; };
		CCB923022073EE4300B1AF74 /* CoachCoachTests.swift in Sources */ = {isa = PBXBuildFile; fileRef = CCB923012073EE4300B1AF74 /* CoachCoachTests.swift */; };
		CCB9230D2073EE4300B1AF74 /* CoachCoachUITests.swift in Sources */ = {isa = PBXBuildFile; fileRef = CCB9230C2073EE4300B1AF74 /* CoachCoachUITests.swift */; };
/* End PBXBuildFile section */

/* Begin PBXContainerItemProxy section */
		CCB922FE2073EE4300B1AF74 /* PBXContainerItemProxy */ = {
			isa = PBXContainerItemProxy;
			containerPortal = CCB922E12073EE4200B1AF74 /* Project object */;
			proxyType = 1;
			remoteGlobalIDString = CCB922E82073EE4200B1AF74;
			remoteInfo = CoachCoach;
		};
		CCB923092073EE4300B1AF74 /* PBXContainerItemProxy */ = {
			isa = PBXContainerItemProxy;
			containerPortal = CCB922E12073EE4200B1AF74 /* Project object */;
			proxyType = 1;
			remoteGlobalIDString = CCB922E82073EE4200B1AF74;
			remoteInfo = CoachCoach;
		};
/* End PBXContainerItemProxy section */

/* Begin PBXFileReference section */
		CCB922E92073EE4200B1AF74 /* CoachCoach.app */ = {isa = PBXFileReference; explicitFileType = wrapper.application; includeInIndex = 0; path = CoachCoach.app; sourceTree = BUILT_PRODUCTS_DIR; };
		CCB922EC2073EE4200B1AF74 /* AppDelegate.swift */ = {isa = PBXFileReference; lastKnownFileType = sourcecode.swift; path = AppDelegate.swift; sourceTree = "<group>"; };
		CCB922EE2073EE4200B1AF74 /* ViewController.swift */ = {isa = PBXFileReference; lastKnownFileType = sourcecode.swift; path = ViewController.swift; sourceTree = "<group>"; };
		CCB922F12073EE4200B1AF74 /* Base */ = {isa = PBXFileReference; lastKnownFileType = file.storyboard; name = Base; path = Base.lproj/Main.storyboard; sourceTree = "<group>"; };
		CCB922F32073EE4300B1AF74 /* Assets.xcassets */ = {isa = PBXFileReference; lastKnownFileType = folder.assetcatalog; path = Assets.xcassets; sourceTree = "<group>"; };
		CCB922F62073EE4300B1AF74 /* Base */ = {isa = PBXFileReference; lastKnownFileType = file.storyboard; name = Base; path = Base.lproj/LaunchScreen.storyboard; sourceTree = "<group>"; };
		CCB922F82073EE4300B1AF74 /* Info.plist */ = {isa = PBXFileReference; lastKnownFileType = text.plist.xml; path = Info.plist; sourceTree = "<group>"; };
		CCB922FD2073EE4300B1AF74 /* CoachCoachTests.xctest */ = {isa = PBXFileReference; explicitFileType = wrapper.cfbundle; includeInIndex = 0; path = CoachCoachTests.xctest; sourceTree = BUILT_PRODUCTS_DIR; };
		CCB923012073EE4300B1AF74 /* CoachCoachTests.swift */ = {isa = PBXFileReference; lastKnownFileType = sourcecode.swift; path = CoachCoachTests.swift; sourceTree = "<group>"; };
		CCB923032073EE4300B1AF74 /* Info.plist */ = {isa = PBXFileReference; lastKnownFileType = text.plist.xml; path = Info.plist; sourceTree = "<group>"; };
		CCB923082073EE4300B1AF74 /* CoachCoachUITests.xctest */ = {isa = PBXFileReference; explicitFileType = wrapper.cfbundle; includeInIndex = 0; path = CoachCoachUITests.xctest; sourceTree = BUILT_PRODUCTS_DIR; };
		CCB9230C2073EE4300B1AF74 /* CoachCoachUITests.swift */ = {isa = PBXFileReference; lastKnownFileType = sourcecode.swift; path = CoachCoachUITests.swift; sourceTree = "<group>"; };
		CCB9230E2073EE4300B1AF74 /* Info.plist */ = {isa = PBXFileReference; lastKnownFileType = text.plist.xml; path = Info.plist; sourceTree = "<group>"; };
/* End PBXFileReference section */

/* Begin PBXFrameworksBuildPhase section */
		CCB922E62073EE4200B1AF74 /* Frameworks */ = {
			isa = PBXFrameworksBuildPhase;
			buildActionMask = 2147483647;
			files = (
			);
			runOnlyForDeploymentPostprocessing = 0;
		};
		CCB922FA2073EE4300B1AF74 /* Frameworks */ = {
			isa = PBXFrameworksBuildPhase;
			buildActionMask = 2147483647;
			files = (
			);
			runOnlyForDeploymentPostprocessing = 0;
		};
		CCB923052073EE4300B1AF74 /* Frameworks */ = {
			isa = PBXFrameworksBuildPhase;
			buildActionMask = 2147483647;
			files = (
			);
			runOnlyForDeploymentPostprocessing = 0;
		};
/* End PBXFrameworksBuildPhase section */

/* Begin PBXGroup section */
		CCB922E02073EE4200B1AF74 = {
			isa = PBXGroup;
			children = (
				CCB922EB2073EE4200B1AF74 /* CoachCoach */,
				CCB923002073EE4300B1AF74 /* CoachCoachTests */,
				CCB9230B2073EE4300B1AF74 /* CoachCoachUITests */,
				CCB922EA2073EE4200B1AF74 /* Products */,
			);
			sourceTree = "<group>";
		};
		CCB922EA2073EE4200B1AF74 /* Products */ = {
			isa = PBXGroup;
			children = (
				CCB922E92073EE4200B1AF74 /* CoachCoach.app */,
				CCB922FD2073EE4300B1AF74 /* CoachCoachTests.xctest */,
				CCB923082073EE4300B1AF74 /* CoachCoachUITests.xctest */,
			);
			name = Products;
			sourceTree = "<group>";
		};
		CCB922EB2073EE4200B1AF74 /* CoachCoach */ = {
			isa = PBXGroup;
			children = (
				CCB922EC2073EE4200B1AF74 /* AppDelegate.swift */,
				CCB922EE2073EE4200B1AF74 /* ViewController.swift */,
				CCB922F02073EE4200B1AF74 /* Main.storyboard */,
				CCB922F32073EE4300B1AF74 /* Assets.xcassets */,
				CCB922F52073EE4300B1AF74 /* LaunchScreen.storyboard */,
				CCB922F82073EE4300B1AF74 /* Info.plist */,
			);
			path = CoachCoach;
			sourceTree = "<group>";
		};
		CCB923002073EE4300B1AF74 /* CoachCoachTests */ = {
			isa = PBXGroup;
			children = (
				CCB923012073EE4300B1AF74 /* CoachCoachTests.swift */,
				CCB923032073EE4300B1AF74 /* Info.plist */,
			);
			path = CoachCoachTests;
			sourceTree = "<group>";
		};
		CCB9230B2073EE4300B1AF74 /* CoachCoachUITests */ = {
			isa = PBXGroup;
			children = (
				CCB9230C2073EE4300B1AF74 /* CoachCoachUITests.swift */,
				CCB9230E2073EE4300B1AF74 /* Info.plist */,
			);
			path = CoachCoachUITests;
			sourceTree = "<group>";
		};
/* End PBXGroup section */

/* Begin PBXNativeTarget section */
		CCB922E82073EE4200B1AF74 /* CoachCoach */ = {
			isa = PBXNativeTarget;
			buildConfigurationList = CCB923112073EE4300B1AF74 /* Build configuration list for PBXNativeTarget "CoachCoach" */;
			buildPhases = (
				CCB922E52073EE4200B1AF74 /* Sources */,
				CCB922E62073EE4200B1AF74 /* Frameworks */,
				CCB922E72073EE4200B1AF74 /* Resources */,
			);
			buildRules = (
			);
			dependencies = (
			);
			name = CoachCoach;
			productName = CoachCoach;
			productReference = CCB922E92073EE4200B1AF74 /* CoachCoach.app */;
			productType = "com.apple.product-type.application";
		};
		CCB922FC2073EE4300B1AF74 /* CoachCoachTests */ = {
			isa = PBXNativeTarget;
			buildConfigurationList = CCB923142073EE4300B1AF74 /* Build configuration list for PBXNativeTarget "CoachCoachTests" */;
			buildPhases = (
				CCB922F92073EE4300B1AF74 /* Sources */,
				CCB922FA2073EE4300B1AF74 /* Frameworks */,
				CCB922FB2073EE4300B1AF74 /* Resources */,
			);
			buildRules = (
			);
			dependencies = (
				CCB922FF2073EE4300B1AF74 /* PBXTargetDependency */,
			);
			name = CoachCoachTests;
			productName = CoachCoachTests;
			productReference = CCB922FD2073EE4300B1AF74 /* CoachCoachTests.xctest */;
			productType = "com.apple.product-type.bundle.unit-test";
		};
		CCB923072073EE4300B1AF74 /* CoachCoachUITests */ = {
			isa = PBXNativeTarget;
			buildConfigurationList = CCB923172073EE4300B1AF74 /* Build configuration list for PBXNativeTarget "CoachCoachUITests" */;
			buildPhases = (
				CCB923042073EE4300B1AF74 /* Sources */,
				CCB923052073EE4300B1AF74 /* Frameworks */,
				CCB923062073EE4300B1AF74 /* Resources */,
			);
			buildRules = (
			);
			dependencies = (
				CCB9230A2073EE4300B1AF74 /* PBXTargetDependency */,
			);
			name = CoachCoachUITests;
			productName = CoachCoachUITests;
			productReference = CCB923082073EE4300B1AF74 /* CoachCoachUITests.xctest */;
			productType = "com.apple.product-type.bundle.ui-testing";
		};
/* End PBXNativeTarget section */

/* Begin PBXProject section */
		CCB922E12073EE4200B1AF74 /* Project object */ = {
			isa = PBXProject;
			attributes = {
				LastSwiftUpdateCheck = 0930;
				LastUpgradeCheck = 0930;
				ORGANIZATIONNAME = "Minsoo Shin";
				TargetAttributes = {
					CCB922E82073EE4200B1AF74 = {
						CreatedOnToolsVersion = 9.3;
					};
					CCB922FC2073EE4300B1AF74 = {
						CreatedOnToolsVersion = 9.3;
						TestTargetID = CCB922E82073EE4200B1AF74;
					};
					CCB923072073EE4300B1AF74 = {
						CreatedOnToolsVersion = 9.3;
						TestTargetID = CCB922E82073EE4200B1AF74;
					};
				};
			};
			buildConfigurationList = CCB922E42073EE4200B1AF74 /* Build configuration list for PBXProject "CoachCoach" */;
			compatibilityVersion = "Xcode 9.3";
			developmentRegion = en;
			hasScannedForEncodings = 0;
			knownRegions = (
				en,
				Base,
			);
			mainGroup = CCB922E02073EE4200B1AF74;
			productRefGroup = CCB922EA2073EE4200B1AF74 /* Products */;
			projectDirPath = "";
			projectRoot = "";
			targets = (
				CCB922E82073EE4200B1AF74 /* CoachCoach */,
				CCB922FC2073EE4300B1AF74 /* CoachCoachTests */,
				CCB923072073EE4300B1AF74 /* CoachCoachUITests */,
			);
		};
/* End PBXProject section */

/* Begin PBXResourcesBuildPhase section */
		CCB922E72073EE4200B1AF74 /* Resources */ = {
			isa = PBXResourcesBuildPhase;
			buildActionMask = 2147483647;
			files = (
				CCB922F72073EE4300B1AF74 /* LaunchScreen.storyboard in Resources */,
				CCB922F42073EE4300B1AF74 /* Assets.xcassets in Resources */,
				CCB922F22073EE4200B1AF74 /* Main.storyboard in Resources */,
			);
			runOnlyForDeploymentPostprocessing = 0;
		};
		CCB922FB2073EE4300B1AF74 /* Resources */ = {
			isa = PBXResourcesBuildPhase;
			buildActionMask = 2147483647;
			files = (
			);
			runOnlyForDeploymentPostprocessing = 0;
		};
		CCB923062073EE4300B1AF74 /* Resources */ = {
			isa = PBXResourcesBuildPhase;
			buildActionMask = 2147483647;
			files = (
			);
			runOnlyForDeploymentPostprocessing = 0;
		};
/* End PBXResourcesBuildPhase section */

/* Begin PBXSourcesBuildPhase section */
		CCB922E52073EE4200B1AF74 /* Sources */ = {
			isa = PBXSourcesBuildPhase;
			buildActionMask = 2147483647;
			files = (
				CCB922EF2073EE4200B1AF74 /* ViewController.swift in Sources */,
				CCB922ED2073EE4200B1AF74 /* AppDelegate.swift in Sources */,
			);
			runOnlyForDeploymentPostprocessing = 0;
		};
		CCB922F92073EE4300B1AF74 /* Sources */ = {
			isa = PBXSourcesBuildPhase;
			buildActionMask = 2147483647;
			files = (
				CCB923022073EE4300B1AF74 /* CoachCoachTests.swift in Sources */,
			);
			runOnlyForDeploymentPostprocessing = 0;
		};
		CCB923042073EE4300B1AF74 /* Sources */ = {
			isa = PBXSourcesBuildPhase;
			buildActionMask = 2147483647;
			files = (
				CCB9230D2073EE4300B1AF74 /* CoachCoachUITests.swift in Sources */,
			);
			runOnlyForDeploymentPostprocessing = 0;
		};
/* End PBXSourcesBuildPhase section */

/* Begin PBXTargetDependency section */
		CCB922FF2073EE4300B1AF74 /* PBXTargetDependency */ = {
			isa = PBXTargetDependency;
			target = CCB922E82073EE4200B1AF74 /* CoachCoach */;
			targetProxy = CCB922FE2073EE4300B1AF74 /* PBXContainerItemProxy */;
		};
		CCB9230A2073EE4300B1AF74 /* PBXTargetDependency */ = {
			isa = PBXTargetDependency;
			target = CCB922E82073EE4200B1AF74 /* CoachCoach */;
			targetProxy = CCB923092073EE4300B1AF74 /* PBXContainerItemProxy */;
		};
/* End PBXTargetDependency section */

/* Begin PBXVariantGroup section */
		CCB922F02073EE4200B1AF74 /* Main.storyboard */ = {
			isa = PBXVariantGroup;
			children = (
				CCB922F12073EE4200B1AF74 /* Base */,
			);
			name = Main.storyboard;
			sourceTree = "<group>";
		};
		CCB922F52073EE4300B1AF74 /* LaunchScreen.storyboard */ = {
			isa = PBXVariantGroup;
			children = (
				CCB922F62073EE4300B1AF74 /* Base */,
			);
			name = LaunchScreen.storyboard;
			sourceTree = "<group>";
		};
/* End PBXVariantGroup section */

/* Begin XCBuildConfiguration section */
		CCB9230F2073EE4300B1AF74 /* Debug */ = {
			isa = XCBuildConfiguration;
			buildSettings = {
				ALWAYS_SEARCH_USER_PATHS = NO;
				CLANG_ANALYZER_NONNULL = YES;
				CLANG_ANALYZER_NUMBER_OBJECT_CONVERSION = YES_AGGRESSIVE;
				CLANG_CXX_LANGUAGE_STANDARD = "gnu++14";
				CLANG_CXX_LIBRARY = "libc++";
				CLANG_ENABLE_MODULES = YES;
				CLANG_ENABLE_OBJC_ARC = YES;
				CLANG_ENABLE_OBJC_WEAK = YES;
				CLANG_WARN_BLOCK_CAPTURE_AUTORELEASING = YES;
				CLANG_WARN_BOOL_CONVERSION = YES;
				CLANG_WARN_COMMA = YES;
				CLANG_WARN_CONSTANT_CONVERSION = YES;
				CLANG_WARN_DEPRECATED_OBJC_IMPLEMENTATIONS = YES;
				CLANG_WARN_DIRECT_OBJC_ISA_USAGE = YES_ERROR;
				CLANG_WARN_DOCUMENTATION_COMMENTS = YES;
				CLANG_WARN_EMPTY_BODY = YES;
				CLANG_WARN_ENUM_CONVERSION = YES;
				CLANG_WARN_INFINITE_RECURSION = YES;
				CLANG_WARN_INT_CONVERSION = YES;
				CLANG_WARN_NON_LITERAL_NULL_CONVERSION = YES;
				CLANG_WARN_OBJC_IMPLICIT_RETAIN_SELF = YES;
				CLANG_WARN_OBJC_LITERAL_CONVERSION = YES;
				CLANG_WARN_OBJC_ROOT_CLASS = YES_ERROR;
				CLANG_WARN_RANGE_LOOP_ANALYSIS = YES;
				CLANG_WARN_STRICT_PROTOTYPES = YES;
				CLANG_WARN_SUSPICIOUS_MOVE = YES;
				CLANG_WARN_UNGUARDED_AVAILABILITY = YES_AGGRESSIVE;
				CLANG_WARN_UNREACHABLE_CODE = YES;
				CLANG_WARN__DUPLICATE_METHOD_MATCH = YES;
				CODE_SIGN_IDENTITY = "iPhone Developer";
				COPY_PHASE_STRIP = NO;
				DEBUG_INFORMATION_FORMAT = dwarf;
				ENABLE_STRICT_OBJC_MSGSEND = YES;
				ENABLE_TESTABILITY = YES;
				GCC_C_LANGUAGE_STANDARD = gnu11;
				GCC_DYNAMIC_NO_PIC = NO;
				GCC_NO_COMMON_BLOCKS = YES;
				GCC_OPTIMIZATION_LEVEL = 0;
				GCC_PREPROCESSOR_DEFINITIONS = (
					"DEBUG=1",
					"$(inherited)",
				);
				GCC_WARN_64_TO_32_BIT_CONVERSION = YES;
				GCC_WARN_ABOUT_RETURN_TYPE = YES_ERROR;
				GCC_WARN_UNDECLARED_SELECTOR = YES;
				GCC_WARN_UNINITIALIZED_AUTOS = YES_AGGRESSIVE;
				GCC_WARN_UNUSED_FUNCTION = YES;
				GCC_WARN_UNUSED_VARIABLE = YES;
				IPHONEOS_DEPLOYMENT_TARGET = 11.3;
				MTL_ENABLE_DEBUG_INFO = YES;
				ONLY_ACTIVE_ARCH = YES;
				SDKROOT = iphoneos;
				SWIFT_ACTIVE_COMPILATION_CONDITIONS = DEBUG;
				SWIFT_OPTIMIZATION_LEVEL = "-Onone";
			};
			name = Debug;
		};
		CCB923102073EE4300B1AF74 /* Release */ = {
			isa = XCBuildConfiguration;
			buildSettings = {
				ALWAYS_SEARCH_USER_PATHS = NO;
				CLANG_ANALYZER_NONNULL = YES;
				CLANG_ANALYZER_NUMBER_OBJECT_CONVERSION = YES_AGGRESSIVE;
				CLANG_CXX_LANGUAGE_STANDARD = "gnu++14";
				CLANG_CXX_LIBRARY = "libc++";
				CLANG_ENABLE_MODULES = YES;
				CLANG_ENABLE_OBJC_ARC = YES;
				CLANG_ENABLE_OBJC_WEAK = YES;
				CLANG_WARN_BLOCK_CAPTURE_AUTORELEASING = YES;
				CLANG_WARN_BOOL_CONVERSION = YES;
				CLANG_WARN_COMMA = YES;
				CLANG_WARN_CONSTANT_CONVERSION = YES;
				CLANG_WARN_DEPRECATED_OBJC_IMPLEMENTATIONS = YES;
				CLANG_WARN_DIRECT_OBJC_ISA_USAGE = YES_ERROR;
				CLANG_WARN_DOCUMENTATION_COMMENTS = YES;
				CLANG_WARN_EMPTY_BODY = YES;
				CLANG_WARN_ENUM_CONVERSION = YES;
				CLANG_WARN_INFINITE_RECURSION = YES;
				CLANG_WARN_INT_CONVERSION = YES;
				CLANG_WARN_NON_LITERAL_NULL_CONVERSION = YES;
				CLANG_WARN_OBJC_IMPLICIT_RETAIN_SELF = YES;
				CLANG_WARN_OBJC_LITERAL_CONVERSION = YES;
				CLANG_WARN_OBJC_ROOT_CLASS = YES_ERROR;
				CLANG_WARN_RANGE_LOOP_ANALYSIS = YES;
				CLANG_WARN_STRICT_PROTOTYPES = YES;
				CLANG_WARN_SUSPICIOUS_MOVE = YES;
				CLANG_WARN_UNGUARDED_AVAILABILITY = YES_AGGRESSIVE;
				CLANG_WARN_UNREACHABLE_CODE = YES;
				CLANG_WARN__DUPLICATE_METHOD_MATCH = YES;
				CODE_SIGN_IDENTITY = "iPhone Developer";
				COPY_PHASE_STRIP = NO;
				DEBUG_INFORMATION_FORMAT = "dwarf-with-dsym";
				ENABLE_NS_ASSERTIONS = NO;
				ENABLE_STRICT_OBJC_MSGSEND = YES;
				GCC_C_LANGUAGE_STANDARD = gnu11;
				GCC_NO_COMMON_BLOCKS = YES;
				GCC_WARN_64_TO_32_BIT_CONVERSION = YES;
				GCC_WARN_ABOUT_RETURN_TYPE = YES_ERROR;
				GCC_WARN_UNDECLARED_SELECTOR = YES;
				GCC_WARN_UNINITIALIZED_AUTOS = YES_AGGRESSIVE;
				GCC_WARN_UNUSED_FUNCTION = YES;
				GCC_WARN_UNUSED_VARIABLE = YES;
				IPHONEOS_DEPLOYMENT_TARGET = 11.3;
				MTL_ENABLE_DEBUG_INFO = NO;
				SDKROOT = iphoneos;
				SWIFT_COMPILATION_MODE = wholemodule;
				SWIFT_OPTIMIZATION_LEVEL = "-O";
				VALIDATE_PRODUCT = YES;
			};
			name = Release;
		};
		CCB923122073EE4300B1AF74 /* Debug */ = {
			isa = XCBuildConfiguration;
			buildSettings = {
				ASSETCATALOG_COMPILER_APPICON_NAME = AppIcon;
				CODE_SIGN_STYLE = Automatic;
				DEVELOPMENT_TEAM = H6FAP3ZK8W;
				INFOPLIST_FILE = CoachCoach/Info.plist;
				LD_RUNPATH_SEARCH_PATHS = (
					"$(inherited)",
					"@executable_path/Frameworks",
				);
				PRODUCT_BUNDLE_IDENTIFIER = com.theshinanigans.CoachCoach;
				PRODUCT_NAME = "$(TARGET_NAME)";
				SWIFT_VERSION = 4.0;
				TARGETED_DEVICE_FAMILY = "1,2";
			};
			name = Debug;
		};
		CCB923132073EE4300B1AF74 /* Release */ = {
			isa = XCBuildConfiguration;
			buildSettings = {
				ASSETCATALOG_COMPILER_APPICON_NAME = AppIcon;
				CODE_SIGN_STYLE = Automatic;
				DEVELOPMENT_TEAM = H6FAP3ZK8W;
				INFOPLIST_FILE = CoachCoach/Info.plist;
				LD_RUNPATH_SEARCH_PATHS = (
					"$(inherited)",
					"@executable_path/Frameworks",
				);
				PRODUCT_BUNDLE_IDENTIFIER = com.theshinanigans.CoachCoach;
				PRODUCT_NAME = "$(TARGET_NAME)";
				SWIFT_VERSION = 4.0;
				TARGETED_DEVICE_FAMILY = "1,2";
			};
			name = Release;
		};
		CCB923152073EE4300B1AF74 /* Debug */ = {
			isa = XCBuildConfiguration;
			buildSettings = {
				ALWAYS_EMBED_SWIFT_STANDARD_LIBRARIES = YES;
				BUNDLE_LOADER = "$(TEST_HOST)";
				CODE_SIGN_STYLE = Automatic;
				DEVELOPMENT_TEAM = H6FAP3ZK8W;
				INFOPLIST_FILE = CoachCoachTests/Info.plist;
				LD_RUNPATH_SEARCH_PATHS = (
					"$(inherited)",
					"@executable_path/Frameworks",
					"@loader_path/Frameworks",
				);
				PRODUCT_BUNDLE_IDENTIFIER = com.theshinanigans.CoachCoachTests;
				PRODUCT_NAME = "$(TARGET_NAME)";
				SWIFT_VERSION = 4.0;
				TARGETED_DEVICE_FAMILY = "1,2";
				TEST_HOST = "$(BUILT_PRODUCTS_DIR)/CoachCoach.app/CoachCoach";
			};
			name = Debug;
		};
		CCB923162073EE4300B1AF74 /* Release */ = {
			isa = XCBuildConfiguration;
			buildSettings = {
				ALWAYS_EMBED_SWIFT_STANDARD_LIBRARIES = YES;
				BUNDLE_LOADER = "$(TEST_HOST)";
				CODE_SIGN_STYLE = Automatic;
				DEVELOPMENT_TEAM = H6FAP3ZK8W;
				INFOPLIST_FILE = CoachCoachTests/Info.plist;
				LD_RUNPATH_SEARCH_PATHS = (
					"$(inherited)",
					"@executable_path/Frameworks",
					"@loader_path/Frameworks",
				);
				PRODUCT_BUNDLE_IDENTIFIER = com.theshinanigans.CoachCoachTests;
				PRODUCT_NAME = "$(TARGET_NAME)";
				SWIFT_VERSION = 4.0;
				TARGETED_DEVICE_FAMILY = "1,2";
				TEST_HOST = "$(BUILT_PRODUCTS_DIR)/CoachCoach.app/CoachCoach";
			};
			name = Release;
		};
		CCB923182073EE4300B1AF74 /* Debug */ = {
			isa = XCBuildConfiguration;
			buildSettings = {
				ALWAYS_EMBED_SWIFT_STANDARD_LIBRARIES = YES;
				CODE_SIGN_STYLE = Automatic;
				DEVELOPMENT_TEAM = H6FAP3ZK8W;
				INFOPLIST_FILE = CoachCoachUITests/Info.plist;
				LD_RUNPATH_SEARCH_PATHS = (
					"$(inherited)",
					"@executable_path/Frameworks",
					"@loader_path/Frameworks",
				);
				PRODUCT_BUNDLE_IDENTIFIER = com.theshinanigans.CoachCoachUITests;
				PRODUCT_NAME = "$(TARGET_NAME)";
				SWIFT_VERSION = 4.0;
				TARGETED_DEVICE_FAMILY = "1,2";
				TEST_TARGET_NAME = CoachCoach;
			};
			name = Debug;
		};
		CCB923192073EE4300B1AF74 /* Release */ = {
			isa = XCBuildConfiguration;
			buildSettings = {
				ALWAYS_EMBED_SWIFT_STANDARD_LIBRARIES = YES;
				CODE_SIGN_STYLE = Automatic;
				DEVELOPMENT_TEAM = H6FAP3ZK8W;
				INFOPLIST_FILE = CoachCoachUITests/Info.plist;
				LD_RUNPATH_SEARCH_PATHS = (
					"$(inherited)",
					"@executable_path/Frameworks",
					"@loader_path/Frameworks",
				);
				PRODUCT_BUNDLE_IDENTIFIER = com.theshinanigans.CoachCoachUITests;
				PRODUCT_NAME = "$(TARGET_NAME)";
				SWIFT_VERSION = 4.0;
				TARGETED_DEVICE_FAMILY = "1,2";
				TEST_TARGET_NAME = CoachCoach;
			};
			name = Release;
		};
/* End XCBuildConfiguration section */

/* Begin XCConfigurationList section */
		CCB922E42073EE4200B1AF74 /* Build configuration list for PBXProject "CoachCoach" */ = {
			isa = XCConfigurationList;
			buildConfigurations = (
				CCB9230F2073EE4300B1AF74 /* Debug */,
				CCB923102073EE4300B1AF74 /* Release */,
			);
			defaultConfigurationIsVisible = 0;
			defaultConfigurationName = Release;
		};
		CCB923112073EE4300B1AF74 /* Build configuration list for PBXNativeTarget "CoachCoach" */ = {
			isa = XCConfigurationList;
			buildConfigurations = (
				CCB923122073EE4300B1AF74 /* Debug */,
				CCB923132073EE4300B1AF74 /* Release */,
			);
			defaultConfigurationIsVisible = 0;
			defaultConfigurationName = Release;
		};
		CCB923142073EE4300B1AF74 /* Build configuration list for PBXNativeTarget "CoachCoachTests" */ = {
			isa = XCConfigurationList;
			buildConfigurations = (
				CCB923152073EE4300B1AF74 /* Debug */,
				CCB923162073EE4300B1AF74 /* Release */,
			);
			defaultConfigurationIsVisible = 0;
			defaultConfigurationName = Release;
		};
		CCB923172073EE4300B1AF74 /* Build configuration list for PBXNativeTarget "CoachCoachUITests" */ = {
			isa = XCConfigurationList;
			buildConfigurations = (
				CCB923182073EE4300B1AF74 /* Debug */,
				CCB923192073EE4300B1AF74 /* Release */,
			);
			defaultConfigurationIsVisible = 0;
			defaultConfigurationName = Release;
		};
/* End XCConfigurationList section */
	};
	rootObject = CCB922E12073EE4200B1AF74 /* Project object */;
}
