// !$*UTF8*$!
{
	archiveVersion = 1;
	classes = {
	};
	objectVersion = 50;
	objects = {

/* Begin PBXBuildFile section */
		38C36E18316B87AB20C78646 /* Pods_CoachCoachTests.framework in Frameworks */ = {isa = PBXBuildFile; fileRef = E877FFDC5BCC7C4E648369FE /* Pods_CoachCoachTests.framework */; };
		A7D24363EE2EF8A2B614274E /* Pods_CoachCoachUITests.framework in Frameworks */ = {isa = PBXBuildFile; fileRef = D7891B182F01E264D6DDE11C /* Pods_CoachCoachUITests.framework */; };
		C7278CC6DBAB48EC570D79A5 /* Pods_CoachCoach.framework in Frameworks */ = {isa = PBXBuildFile; fileRef = DA19317C1653810F0E76E5CC /* Pods_CoachCoach.framework */; };
		CC930A4620A7BFDC006D3476 /* Assets.xcassets in Resources */ = {isa = PBXBuildFile; fileRef = CC930A4520A7BFDC006D3476 /* Assets.xcassets */; };
		CCB922ED2073EE4200B1AF74 /* AppDelegate.swift in Sources */ = {isa = PBXBuildFile; fileRef = CCB922EC2073EE4200B1AF74 /* AppDelegate.swift */; };
		CCB922EF2073EE4200B1AF74 /* ViewController.swift in Sources */ = {isa = PBXBuildFile; fileRef = CCB922EE2073EE4200B1AF74 /* ViewController.swift */; };
		CCB922F22073EE4200B1AF74 /* Main.storyboard in Resources */ = {isa = PBXBuildFile; fileRef = CCB922F02073EE4200B1AF74 /* Main.storyboard */; };
		CCB922F72073EE4300B1AF74 /* LaunchScreen.storyboard in Resources */ = {isa = PBXBuildFile; fileRef = CCB922F52073EE4300B1AF74 /* LaunchScreen.storyboard */; };
		CCB923022073EE4300B1AF74 /* CoachCoachTests.swift in Sources */ = {isa = PBXBuildFile; fileRef = CCB923012073EE4300B1AF74 /* CoachCoachTests.swift */; };
		CCB9230D2073EE4300B1AF74 /* CoachCoachUITests.swift in Sources */ = {isa = PBXBuildFile; fileRef = CCB9230C2073EE4300B1AF74 /* CoachCoachUITests.swift */; };
		CCE7547720B0043F000A39CE /* Player.swift in Sources */ = {isa = PBXBuildFile; fileRef = CCE7547620B0043F000A39CE /* Player.swift */; };
/* End PBXBuildFile section */

/* Begin PBXContainerItemProxy section */
		CCB922FE2073EE4300B1AF74 /* PBXContainerItemProxy */ = {
			isa = PBXContainerItemProxy;
			containerPortal = CCB922E12073EE4200B1AF74 /* Project object */;
			proxyType = 1;
			remoteGlobalIDString = CCB922E82073EE4200B1AF74;
			remoteInfo = CoachCoach;
		};
		CCB923092073EE4300B1AF74 /* PBXContainerItemProxy */ = {
			isa = PBXContainerItemProxy;
			containerPortal = CCB922E12073EE4200B1AF74 /* Project object */;
			proxyType = 1;
			remoteGlobalIDString = CCB922E82073EE4200B1AF74;
			remoteInfo = CoachCoach;
		};
/* End PBXContainerItemProxy section */

/* Begin PBXFileReference section */
		19E4167C7AB1CE43A548596A /* Pods-CoachCoachUITests.release.xcconfig */ = {isa = PBXFileReference; includeInIndex = 1; lastKnownFileType = text.xcconfig; name = "Pods-CoachCoachUITests.release.xcconfig"; path = "Pods/Target Support Files/Pods-CoachCoachUITests/Pods-CoachCoachUITests.release.xcconfig"; sourceTree = "<group>"; };
		479EC275E09261988B2DC366 /* Pods-CoachCoachUITests.debug.xcconfig */ = {isa = PBXFileReference; includeInIndex = 1; lastKnownFileType = text.xcconfig; name = "Pods-CoachCoachUITests.debug.xcconfig"; path = "Pods/Target Support Files/Pods-CoachCoachUITests/Pods-CoachCoachUITests.debug.xcconfig"; sourceTree = "<group>"; };
		73EBA32CA9AAD571C17C5A74 /* Pods-CoachCoach.release.xcconfig */ = {isa = PBXFileReference; includeInIndex = 1; lastKnownFileType = text.xcconfig; name = "Pods-CoachCoach.release.xcconfig"; path = "Pods/Target Support Files/Pods-CoachCoach/Pods-CoachCoach.release.xcconfig"; sourceTree = "<group>"; };
		BC0A96DBFB4717432F901293 /* Pods-CoachCoach.debug.xcconfig */ = {isa = PBXFileReference; includeInIndex = 1; lastKnownFileType = text.xcconfig; name = "Pods-CoachCoach.debug.xcconfig"; path = "Pods/Target Support Files/Pods-CoachCoach/Pods-CoachCoach.debug.xcconfig"; sourceTree = "<group>"; };
		C413E034B9E5CE9FBF5DCC2D /* Pods-CoachCoachTests.debug.xcconfig */ = {isa = PBXFileReference; includeInIndex = 1; lastKnownFileType = text.xcconfig; name = "Pods-CoachCoachTests.debug.xcconfig"; path = "Pods/Target Support Files/Pods-CoachCoachTests/Pods-CoachCoachTests.debug.xcconfig"; sourceTree = "<group>"; };
		CC930A4520A7BFDC006D3476 /* Assets.xcassets */ = {isa = PBXFileReference; lastKnownFileType = folder.assetcatalog; path = Assets.xcassets; sourceTree = "<group>"; };
		CCB922E92073EE4200B1AF74 /* CoachCoach.app */ = {isa = PBXFileReference; explicitFileType = wrapper.application; includeInIndex = 0; path = CoachCoach.app; sourceTree = BUILT_PRODUCTS_DIR; };
		CCB922EC2073EE4200B1AF74 /* AppDelegate.swift */ = {isa = PBXFileReference; lastKnownFileType = sourcecode.swift; path = AppDelegate.swift; sourceTree = "<group>"; };
		CCB922EE2073EE4200B1AF74 /* ViewController.swift */ = {isa = PBXFileReference; lastKnownFileType = sourcecode.swift; path = ViewController.swift; sourceTree = "<group>"; };
		CCB922F12073EE4200B1AF74 /* Base */ = {isa = PBXFileReference; lastKnownFileType = file.storyboard; name = Base; path = Base.lproj/Main.storyboard; sourceTree = "<group>"; };
		CCB922F62073EE4300B1AF74 /* Base */ = {isa = PBXFileReference; lastKnownFileType = file.storyboard; name = Base; path = Base.lproj/LaunchScreen.storyboard; sourceTree = "<group>"; };
		CCB922F82073EE4300B1AF74 /* Info.plist */ = {isa = PBXFileReference; lastKnownFileType = text.plist.xml; path = Info.plist; sourceTree = "<group>"; };
		CCB922FD2073EE4300B1AF74 /* CoachCoachTests.xctest */ = {isa = PBXFileReference; explicitFileType = wrapper.cfbundle; includeInIndex = 0; path = CoachCoachTests.xctest; sourceTree = BUILT_PRODUCTS_DIR; };
		CCB923012073EE4300B1AF74 /* CoachCoachTests.swift */ = {isa = PBXFileReference; lastKnownFileType = sourcecode.swift; path = CoachCoachTests.swift; sourceTree = "<group>"; };
		CCB923032073EE4300B1AF74 /* Info.plist */ = {isa = PBXFileReference; lastKnownFileType = text.plist.xml; path = Info.plist; sourceTree = "<group>"; };
		CCB923082073EE4300B1AF74 /* CoachCoachUITests.xctest */ = {isa = PBXFileReference; explicitFileType = wrapper.cfbundle; includeInIndex = 0; path = CoachCoachUITests.xctest; sourceTree = BUILT_PRODUCTS_DIR; };
		CCB9230C2073EE4300B1AF74 /* CoachCoachUITests.swift */ = {isa = PBXFileReference; lastKnownFileType = sourcecode.swift; path = CoachCoachUITests.swift; sourceTree = "<group>"; };
		CCB9230E2073EE4300B1AF74 /* Info.plist */ = {isa = PBXFileReference; lastKnownFileType = text.plist.xml; path = Info.plist; sourceTree = "<group>"; };
		CCE7547620B0043F000A39CE /* Player.swift */ = {isa = PBXFileReference; lastKnownFileType = sourcecode.swift; path = Player.swift; sourceTree = "<group>"; };
		D7891B182F01E264D6DDE11C /* Pods_CoachCoachUITests.framework */ = {isa = PBXFileReference; explicitFileType = wrapper.framework; includeInIndex = 0; path = Pods_CoachCoachUITests.framework; sourceTree = BUILT_PRODUCTS_DIR; };
		DA19317C1653810F0E76E5CC /* Pods_CoachCoach.framework */ = {isa = PBXFileReference; explicitFileType = wrapper.framework; includeInIndex = 0; path = Pods_CoachCoach.framework; sourceTree = BUILT_PRODUCTS_DIR; };
		E877FFDC5BCC7C4E648369FE /* Pods_CoachCoachTests.framework */ = {isa = PBXFileReference; explicitFileType = wrapper.framework; includeInIndex = 0; path = Pods_CoachCoachTests.framework; sourceTree = BUILT_PRODUCTS_DIR; };
		F6AE7A06D3FFC1A705B7A0D1 /* Pods-CoachCoachTests.release.xcconfig */ = {isa = PBXFileReference; includeInIndex = 1; lastKnownFileType = text.xcconfig; name = "Pods-CoachCoachTests.release.xcconfig"; path = "Pods/Target Support Files/Pods-CoachCoachTests/Pods-CoachCoachTests.release.xcconfig"; sourceTree = "<group>"; };
/* End PBXFileReference section */

/* Begin PBXFrameworksBuildPhase section */
		CCB922E62073EE4200B1AF74 /* Frameworks */ = {
			isa = PBXFrameworksBuildPhase;
			buildActionMask = 2147483647;
			files = (
				C7278CC6DBAB48EC570D79A5 /* Pods_CoachCoach.framework in Frameworks */,
			);
			runOnlyForDeploymentPostprocessing = 0;
		};
		CCB922FA2073EE4300B1AF74 /* Frameworks */ = {
			isa = PBXFrameworksBuildPhase;
			buildActionMask = 2147483647;
			files = (
				38C36E18316B87AB20C78646 /* Pods_CoachCoachTests.framework in Frameworks */,
			);
			runOnlyForDeploymentPostprocessing = 0;
		};
		CCB923052073EE4300B1AF74 /* Frameworks */ = {
			isa = PBXFrameworksBuildPhase;
			buildActionMask = 2147483647;
			files = (
				A7D24363EE2EF8A2B614274E /* Pods_CoachCoachUITests.framework in Frameworks */,
			);
			runOnlyForDeploymentPostprocessing = 0;
		};
/* End PBXFrameworksBuildPhase section */

/* Begin PBXGroup section */
		7E2FEF99479B1553DBD4ECAD /* Frameworks */ = {
			isa = PBXGroup;
			children = (
				DA19317C1653810F0E76E5CC /* Pods_CoachCoach.framework */,
				E877FFDC5BCC7C4E648369FE /* Pods_CoachCoachTests.framework */,
				D7891B182F01E264D6DDE11C /* Pods_CoachCoachUITests.framework */,
			);
			name = Frameworks;
			sourceTree = "<group>";
		};
		7F00FC2E284B75D4057F9C2C /* Pods */ = {
			isa = PBXGroup;
			children = (
				BC0A96DBFB4717432F901293 /* Pods-CoachCoach.debug.xcconfig */,
				73EBA32CA9AAD571C17C5A74 /* Pods-CoachCoach.release.xcconfig */,
				C413E034B9E5CE9FBF5DCC2D /* Pods-CoachCoachTests.debug.xcconfig */,
				F6AE7A06D3FFC1A705B7A0D1 /* Pods-CoachCoachTests.release.xcconfig */,
				479EC275E09261988B2DC366 /* Pods-CoachCoachUITests.debug.xcconfig */,
				19E4167C7AB1CE43A548596A /* Pods-CoachCoachUITests.release.xcconfig */,
			);
			name = Pods;
			sourceTree = "<group>";
		};
		CC19076D20967DBF007C979E /* Controllers */ = {
			isa = PBXGroup;
			children = (
				CCB922EE2073EE4200B1AF74 /* ViewController.swift */,
			);
			path = Controllers;
			sourceTree = "<group>";
		};
		CC19076E20967DD9007C979E /* Views */ = {
			isa = PBXGroup;
			children = (
				CCB922F02073EE4200B1AF74 /* Main.storyboard */,
			);
			path = Views;
			sourceTree = "<group>";
		};
		CC19076F20967DEE007C979E /* Supporting Files */ = {
			isa = PBXGroup;
			children = (
				CC930A4520A7BFDC006D3476 /* Assets.xcassets */,
				CCB922F52073EE4300B1AF74 /* LaunchScreen.storyboard */,
			);
			path = "Supporting Files";
			sourceTree = "<group>";
		};
		CC19077220967E13007C979E /* Data Model */ = {
			isa = PBXGroup;
			children = (
				CCE7547620B0043F000A39CE /* Player.swift */,
			);
			path = "Data Model";
			sourceTree = "<group>";
		};
		CCB922E02073EE4200B1AF74 = {
			isa = PBXGroup;
			children = (
				CCB922EB2073EE4200B1AF74 /* CoachCoach */,
				CCB923002073EE4300B1AF74 /* CoachCoachTests */,
				CCB9230B2073EE4300B1AF74 /* CoachCoachUITests */,
				CCB922EA2073EE4200B1AF74 /* Products */,
				7F00FC2E284B75D4057F9C2C /* Pods */,
				7E2FEF99479B1553DBD4ECAD /* Frameworks */,
			);
			sourceTree = "<group>";
		};
		CCB922EA2073EE4200B1AF74 /* Products */ = {
			isa = PBXGroup;
			children = (
				CCB922E92073EE4200B1AF74 /* CoachCoach.app */,
				CCB922FD2073EE4300B1AF74 /* CoachCoachTests.xctest */,
				CCB923082073EE4300B1AF74 /* CoachCoachUITests.xctest */,
			);
			name = Products;
			sourceTree = "<group>";
		};
		CCB922EB2073EE4200B1AF74 /* CoachCoach */ = {
			isa = PBXGroup;
			children = (
				CCB922EC2073EE4200B1AF74 /* AppDelegate.swift */,
				CC19076D20967DBF007C979E /* Controllers */,
				CC19076E20967DD9007C979E /* Views */,
				CC19076F20967DEE007C979E /* Supporting Files */,
				CCB922F82073EE4300B1AF74 /* Info.plist */,
				CC19077220967E13007C979E /* Data Model */,
			);
			path = CoachCoach;
			sourceTree = "<group>";
		};
		CCB923002073EE4300B1AF74 /* CoachCoachTests */ = {
			isa = PBXGroup;
			children = (
				CCB923012073EE4300B1AF74 /* CoachCoachTests.swift */,
				CCB923032073EE4300B1AF74 /* Info.plist */,
			);
			path = CoachCoachTests;
			sourceTree = "<group>";
		};
		CCB9230B2073EE4300B1AF74 /* CoachCoachUITests */ = {
			isa = PBXGroup;
			children = (
				CCB9230C2073EE4300B1AF74 /* CoachCoachUITests.swift */,
				CCB9230E2073EE4300B1AF74 /* Info.plist */,
			);
			path = CoachCoachUITests;
			sourceTree = "<group>";
		};
/* End PBXGroup section */

/* Begin PBXNativeTarget section */
		CCB922E82073EE4200B1AF74 /* CoachCoach */ = {
			isa = PBXNativeTarget;
			buildConfigurationList = CCB923112073EE4300B1AF74 /* Build configuration list for PBXNativeTarget "CoachCoach" */;
			buildPhases = (
				72D4E1D5ADDFD005A394583C /* [CP] Check Pods Manifest.lock */,
				CCB922E52073EE4200B1AF74 /* Sources */,
				CCB922E62073EE4200B1AF74 /* Frameworks */,
				CCB922E72073EE4200B1AF74 /* Resources */,
				3ADE05304AE538F76A0E2AEA /* [CP] Embed Pods Frameworks */,
				849B73FC84BA998CC6C76D2E /* [CP] Copy Pods Resources */,
			);
			buildRules = (
			);
			dependencies = (
			);
			name = CoachCoach;
			productName = CoachCoach;
			productReference = CCB922E92073EE4200B1AF74 /* CoachCoach.app */;
			productType = "com.apple.product-type.application";
		};
		CCB922FC2073EE4300B1AF74 /* CoachCoachTests */ = {
			isa = PBXNativeTarget;
			buildConfigurationList = CCB923142073EE4300B1AF74 /* Build configuration list for PBXNativeTarget "CoachCoachTests" */;
			buildPhases = (
				D8364BD4924E9A40644413D3 /* [CP] Check Pods Manifest.lock */,
				CCB922F92073EE4300B1AF74 /* Sources */,
				CCB922FA2073EE4300B1AF74 /* Frameworks */,
				CCB922FB2073EE4300B1AF74 /* Resources */,
				DAF37586322E0391A49EBECD /* [CP] Embed Pods Frameworks */,
				9518E456BD986E7700C5BA0D /* [CP] Copy Pods Resources */,
			);
			buildRules = (
			);
			dependencies = (
				CCB922FF2073EE4300B1AF74 /* PBXTargetDependency */,
			);
			name = CoachCoachTests;
			productName = CoachCoachTests;
			productReference = CCB922FD2073EE4300B1AF74 /* CoachCoachTests.xctest */;
			productType = "com.apple.product-type.bundle.unit-test";
		};
		CCB923072073EE4300B1AF74 /* CoachCoachUITests */ = {
			isa = PBXNativeTarget;
			buildConfigurationList = CCB923172073EE4300B1AF74 /* Build configuration list for PBXNativeTarget "CoachCoachUITests" */;
			buildPhases = (
				C2AB938A44763ADDE6F5D7FB /* [CP] Check Pods Manifest.lock */,
				CCB923042073EE4300B1AF74 /* Sources */,
				CCB923052073EE4300B1AF74 /* Frameworks */,
				CCB923062073EE4300B1AF74 /* Resources */,
				9F6CFAA4BFFBCBF850741EF3 /* [CP] Embed Pods Frameworks */,
				6E67761F71B025EA83A084AC /* [CP] Copy Pods Resources */,
			);
			buildRules = (
			);
			dependencies = (
				CCB9230A2073EE4300B1AF74 /* PBXTargetDependency */,
			);
			name = CoachCoachUITests;
			productName = CoachCoachUITests;
			productReference = CCB923082073EE4300B1AF74 /* CoachCoachUITests.xctest */;
			productType = "com.apple.product-type.bundle.ui-testing";
		};
/* End PBXNativeTarget section */

/* Begin PBXProject section */
		CCB922E12073EE4200B1AF74 /* Project object */ = {
			isa = PBXProject;
			attributes = {
				LastSwiftUpdateCheck = 0930;
				LastUpgradeCheck = 0930;
				ORGANIZATIONNAME = "Minsoo Shin";
				TargetAttributes = {
					CCB922E82073EE4200B1AF74 = {
						CreatedOnToolsVersion = 9.3;
					};
					CCB922FC2073EE4300B1AF74 = {
						CreatedOnToolsVersion = 9.3;
						TestTargetID = CCB922E82073EE4200B1AF74;
					};
					CCB923072073EE4300B1AF74 = {
						CreatedOnToolsVersion = 9.3;
						TestTargetID = CCB922E82073EE4200B1AF74;
					};
				};
			};
			buildConfigurationList = CCB922E42073EE4200B1AF74 /* Build configuration list for PBXProject "CoachCoach" */;
			compatibilityVersion = "Xcode 9.3";
			developmentRegion = en;
			hasScannedForEncodings = 0;
			knownRegions = (
				en,
				Base,
			);
			mainGroup = CCB922E02073EE4200B1AF74;
			productRefGroup = CCB922EA2073EE4200B1AF74 /* Products */;
			projectDirPath = "";
			projectRoot = "";
			targets = (
				CCB922E82073EE4200B1AF74 /* CoachCoach */,
				CCB922FC2073EE4300B1AF74 /* CoachCoachTests */,
				CCB923072073EE4300B1AF74 /* CoachCoachUITests */,
			);
		};
/* End PBXProject section */

/* Begin PBXResourcesBuildPhase section */
		CCB922E72073EE4200B1AF74 /* Resources */ = {
			isa = PBXResourcesBuildPhase;
			buildActionMask = 2147483647;
			files = (
				CCB922F72073EE4300B1AF74 /* LaunchScreen.storyboard in Resources */,
				CC930A4620A7BFDC006D3476 /* Assets.xcassets in Resources */,
				CCB922F22073EE4200B1AF74 /* Main.storyboard in Resources */,
			);
			runOnlyForDeploymentPostprocessing = 0;
		};
		CCB922FB2073EE4300B1AF74 /* Resources */ = {
			isa = PBXResourcesBuildPhase;
			buildActionMask = 2147483647;
			files = (
			);
			runOnlyForDeploymentPostprocessing = 0;
		};
		CCB923062073EE4300B1AF74 /* Resources */ = {
			isa = PBXResourcesBuildPhase;
			buildActionMask = 2147483647;
			files = (
			);
			runOnlyForDeploymentPostprocessing = 0;
		};
/* End PBXResourcesBuildPhase section */

/* Begin PBXShellScriptBuildPhase section */
		3ADE05304AE538F76A0E2AEA /* [CP] Embed Pods Frameworks */ = {
			isa = PBXShellScriptBuildPhase;
			buildActionMask = 2147483647;
			files = (
			);
			inputPaths = (
				"${SRCROOT}/Pods/Target Support Files/Pods-CoachCoach/Pods-CoachCoach-frameworks.sh",
				"${BUILT_PRODUCTS_DIR}/Realm/Realm.framework",
				"${BUILT_PRODUCTS_DIR}/RealmSwift/RealmSwift.framework",
			);
			name = "[CP] Embed Pods Frameworks";
			outputPaths = (
				"${TARGET_BUILD_DIR}/${FRAMEWORKS_FOLDER_PATH}/Realm.framework",
				"${TARGET_BUILD_DIR}/${FRAMEWORKS_FOLDER_PATH}/RealmSwift.framework",
			);
			runOnlyForDeploymentPostprocessing = 0;
			shellPath = /bin/sh;
			shellScript = "\"${SRCROOT}/Pods/Target Support Files/Pods-CoachCoach/Pods-CoachCoach-frameworks.sh\"\n";
			showEnvVarsInLog = 0;
		};
		6E67761F71B025EA83A084AC /* [CP] Copy Pods Resources */ = {
			isa = PBXShellScriptBuildPhase;
			buildActionMask = 2147483647;
			files = (
			);
			inputPaths = (
			);
			name = "[CP] Copy Pods Resources";
			outputPaths = (
			);
			runOnlyForDeploymentPostprocessing = 0;
			shellPath = /bin/sh;
			shellScript = "\"${SRCROOT}/Pods/Target Support Files/Pods-CoachCoachUITests/Pods-CoachCoachUITests-resources.sh\"\n";
			showEnvVarsInLog = 0;
		};
		72D4E1D5ADDFD005A394583C /* [CP] Check Pods Manifest.lock */ = {
			isa = PBXShellScriptBuildPhase;
			buildActionMask = 2147483647;
			files = (
			);
			inputPaths = (
				"${PODS_PODFILE_DIR_PATH}/Podfile.lock",
				"${PODS_ROOT}/Manifest.lock",
			);
			name = "[CP] Check Pods Manifest.lock";
			outputPaths = (
				"$(DERIVED_FILE_DIR)/Pods-CoachCoach-checkManifestLockResult.txt",
			);
			runOnlyForDeploymentPostprocessing = 0;
			shellPath = /bin/sh;
			shellScript = "diff \"${PODS_PODFILE_DIR_PATH}/Podfile.lock\" \"${PODS_ROOT}/Manifest.lock\" > /dev/null\nif [ $? != 0 ] ; then\n    # print error to STDERR\n    echo \"error: The sandbox is not in sync with the Podfile.lock. Run 'pod install' or update your CocoaPods installation.\" >&2\n    exit 1\nfi\n# This output is used by Xcode 'outputs' to avoid re-running this script phase.\necho \"SUCCESS\" > \"${SCRIPT_OUTPUT_FILE_0}\"\n";
			showEnvVarsInLog = 0;
		};
		849B73FC84BA998CC6C76D2E /* [CP] Copy Pods Resources */ = {
			isa = PBXShellScriptBuildPhase;
			buildActionMask = 2147483647;
			files = (
			);
			inputPaths = (
			);
			name = "[CP] Copy Pods Resources";
			outputPaths = (
			);
			runOnlyForDeploymentPostprocessing = 0;
			shellPath = /bin/sh;
			shellScript = "\"${SRCROOT}/Pods/Target Support Files/Pods-CoachCoach/Pods-CoachCoach-resources.sh\"\n";
			showEnvVarsInLog = 0;
		};
		9518E456BD986E7700C5BA0D /* [CP] Copy Pods Resources */ = {
			isa = PBXShellScriptBuildPhase;
			buildActionMask = 2147483647;
			files = (
			);
			inputPaths = (
			);
			name = "[CP] Copy Pods Resources";
			outputPaths = (
			);
			runOnlyForDeploymentPostprocessing = 0;
			shellPath = /bin/sh;
			shellScript = "\"${SRCROOT}/Pods/Target Support Files/Pods-CoachCoachTests/Pods-CoachCoachTests-resources.sh\"\n";
			showEnvVarsInLog = 0;
		};
		9F6CFAA4BFFBCBF850741EF3 /* [CP] Embed Pods Frameworks */ = {
			isa = PBXShellScriptBuildPhase;
			buildActionMask = 2147483647;
			files = (
			);
			inputPaths = (
			);
			name = "[CP] Embed Pods Frameworks";
			outputPaths = (
			);
			runOnlyForDeploymentPostprocessing = 0;
			shellPath = /bin/sh;
			shellScript = "\"${SRCROOT}/Pods/Target Support Files/Pods-CoachCoachUITests/Pods-CoachCoachUITests-frameworks.sh\"\n";
			showEnvVarsInLog = 0;
		};
		C2AB938A44763ADDE6F5D7FB /* [CP] Check Pods Manifest.lock */ = {
			isa = PBXShellScriptBuildPhase;
			buildActionMask = 2147483647;
			files = (
			);
			inputPaths = (
				"${PODS_PODFILE_DIR_PATH}/Podfile.lock",
				"${PODS_ROOT}/Manifest.lock",
			);
			name = "[CP] Check Pods Manifest.lock";
			outputPaths = (
				"$(DERIVED_FILE_DIR)/Pods-CoachCoachUITests-checkManifestLockResult.txt",
			);
			runOnlyForDeploymentPostprocessing = 0;
			shellPath = /bin/sh;
			shellScript = "diff \"${PODS_PODFILE_DIR_PATH}/Podfile.lock\" \"${PODS_ROOT}/Manifest.lock\" > /dev/null\nif [ $? != 0 ] ; then\n    # print error to STDERR\n    echo \"error: The sandbox is not in sync with the Podfile.lock. Run 'pod install' or update your CocoaPods installation.\" >&2\n    exit 1\nfi\n# This output is used by Xcode 'outputs' to avoid re-running this script phase.\necho \"SUCCESS\" > \"${SCRIPT_OUTPUT_FILE_0}\"\n";
			showEnvVarsInLog = 0;
		};
		D8364BD4924E9A40644413D3 /* [CP] Check Pods Manifest.lock */ = {
			isa = PBXShellScriptBuildPhase;
			buildActionMask = 2147483647;
			files = (
			);
			inputPaths = (
				"${PODS_PODFILE_DIR_PATH}/Podfile.lock",
				"${PODS_ROOT}/Manifest.lock",
			);
			name = "[CP] Check Pods Manifest.lock";
			outputPaths = (
				"$(DERIVED_FILE_DIR)/Pods-CoachCoachTests-checkManifestLockResult.txt",
			);
			runOnlyForDeploymentPostprocessing = 0;
			shellPath = /bin/sh;
			shellScript = "diff \"${PODS_PODFILE_DIR_PATH}/Podfile.lock\" \"${PODS_ROOT}/Manifest.lock\" > /dev/null\nif [ $? != 0 ] ; then\n    # print error to STDERR\n    echo \"error: The sandbox is not in sync with the Podfile.lock. Run 'pod install' or update your CocoaPods installation.\" >&2\n    exit 1\nfi\n# This output is used by Xcode 'outputs' to avoid re-running this script phase.\necho \"SUCCESS\" > \"${SCRIPT_OUTPUT_FILE_0}\"\n";
			showEnvVarsInLog = 0;
		};
		DAF37586322E0391A49EBECD /* [CP] Embed Pods Frameworks */ = {
			isa = PBXShellScriptBuildPhase;
			buildActionMask = 2147483647;
			files = (
			);
			inputPaths = (
			);
			name = "[CP] Embed Pods Frameworks";
			outputPaths = (
			);
			runOnlyForDeploymentPostprocessing = 0;
			shellPath = /bin/sh;
			shellScript = "\"${SRCROOT}/Pods/Target Support Files/Pods-CoachCoachTests/Pods-CoachCoachTests-frameworks.sh\"\n";
			showEnvVarsInLog = 0;
		};
/* End PBXShellScriptBuildPhase section */

/* Begin PBXSourcesBuildPhase section */
		CCB922E52073EE4200B1AF74 /* Sources */ = {
			isa = PBXSourcesBuildPhase;
			buildActionMask = 2147483647;
			files = (
				CCE7547720B0043F000A39CE /* Player.swift in Sources */,
				CCB922EF2073EE4200B1AF74 /* ViewController.swift in Sources */,
				CCB922ED2073EE4200B1AF74 /* AppDelegate.swift in Sources */,
			);
			runOnlyForDeploymentPostprocessing = 0;
		};
		CCB922F92073EE4300B1AF74 /* Sources */ = {
			isa = PBXSourcesBuildPhase;
			buildActionMask = 2147483647;
			files = (
				CCB923022073EE4300B1AF74 /* CoachCoachTests.swift in Sources */,
			);
			runOnlyForDeploymentPostprocessing = 0;
		};
		CCB923042073EE4300B1AF74 /* Sources */ = {
			isa = PBXSourcesBuildPhase;
			buildActionMask = 2147483647;
			files = (
				CCB9230D2073EE4300B1AF74 /* CoachCoachUITests.swift in Sources */,
			);
			runOnlyForDeploymentPostprocessing = 0;
		};
/* End PBXSourcesBuildPhase section */

/* Begin PBXTargetDependency section */
		CCB922FF2073EE4300B1AF74 /* PBXTargetDependency */ = {
			isa = PBXTargetDependency;
			target = CCB922E82073EE4200B1AF74 /* CoachCoach */;
			targetProxy = CCB922FE2073EE4300B1AF74 /* PBXContainerItemProxy */;
		};
		CCB9230A2073EE4300B1AF74 /* PBXTargetDependency */ = {
			isa = PBXTargetDependency;
			target = CCB922E82073EE4200B1AF74 /* CoachCoach */;
			targetProxy = CCB923092073EE4300B1AF74 /* PBXContainerItemProxy */;
		};
/* End PBXTargetDependency section */

/* Begin PBXVariantGroup section */
		CCB922F02073EE4200B1AF74 /* Main.storyboard */ = {
			isa = PBXVariantGroup;
			children = (
				CCB922F12073EE4200B1AF74 /* Base */,
			);
			name = Main.storyboard;
			sourceTree = "<group>";
		};
		CCB922F52073EE4300B1AF74 /* LaunchScreen.storyboard */ = {
			isa = PBXVariantGroup;
			children = (
				CCB922F62073EE4300B1AF74 /* Base */,
			);
			name = LaunchScreen.storyboard;
			sourceTree = "<group>";
		};
/* End PBXVariantGroup section */

/* Begin XCBuildConfiguration section */
		CCB9230F2073EE4300B1AF74 /* Debug */ = {
			isa = XCBuildConfiguration;
			buildSettings = {
				ALWAYS_SEARCH_USER_PATHS = NO;
				CLANG_ANALYZER_NONNULL = YES;
				CLANG_ANALYZER_NUMBER_OBJECT_CONVERSION = YES_AGGRESSIVE;
				CLANG_CXX_LANGUAGE_STANDARD = "gnu++14";
				CLANG_CXX_LIBRARY = "libc++";
				CLANG_ENABLE_MODULES = YES;
				CLANG_ENABLE_OBJC_ARC = YES;
				CLANG_ENABLE_OBJC_WEAK = YES;
				CLANG_WARN_BLOCK_CAPTURE_AUTORELEASING = YES;
				CLANG_WARN_BOOL_CONVERSION = YES;
				CLANG_WARN_COMMA = YES;
				CLANG_WARN_CONSTANT_CONVERSION = YES;
				CLANG_WARN_DEPRECATED_OBJC_IMPLEMENTATIONS = YES;
				CLANG_WARN_DIRECT_OBJC_ISA_USAGE = YES_ERROR;
				CLANG_WARN_DOCUMENTATION_COMMENTS = YES;
				CLANG_WARN_EMPTY_BODY = YES;
				CLANG_WARN_ENUM_CONVERSION = YES;
				CLANG_WARN_INFINITE_RECURSION = YES;
				CLANG_WARN_INT_CONVERSION = YES;
				CLANG_WARN_NON_LITERAL_NULL_CONVERSION = YES;
				CLANG_WARN_OBJC_IMPLICIT_RETAIN_SELF = YES;
				CLANG_WARN_OBJC_LITERAL_CONVERSION = YES;
				CLANG_WARN_OBJC_ROOT_CLASS = YES_ERROR;
				CLANG_WARN_RANGE_LOOP_ANALYSIS = YES;
				CLANG_WARN_STRICT_PROTOTYPES = YES;
				CLANG_WARN_SUSPICIOUS_MOVE = YES;
				CLANG_WARN_UNGUARDED_AVAILABILITY = YES_AGGRESSIVE;
				CLANG_WARN_UNREACHABLE_CODE = YES;
				CLANG_WARN__DUPLICATE_METHOD_MATCH = YES;
				CODE_SIGN_IDENTITY = "iPhone Developer";
				COPY_PHASE_STRIP = NO;
				DEBUG_INFORMATION_FORMAT = dwarf;
				ENABLE_STRICT_OBJC_MSGSEND = YES;
				ENABLE_TESTABILITY = YES;
				GCC_C_LANGUAGE_STANDARD = gnu11;
				GCC_DYNAMIC_NO_PIC = NO;
				GCC_NO_COMMON_BLOCKS = YES;
				GCC_OPTIMIZATION_LEVEL = 0;
				GCC_PREPROCESSOR_DEFINITIONS = (
					"DEBUG=1",
					"$(inherited)",
				);
				GCC_WARN_64_TO_32_BIT_CONVERSION = YES;
				GCC_WARN_ABOUT_RETURN_TYPE = YES_ERROR;
				GCC_WARN_UNDECLARED_SELECTOR = YES;
				GCC_WARN_UNINITIALIZED_AUTOS = YES_AGGRESSIVE;
				GCC_WARN_UNUSED_FUNCTION = YES;
				GCC_WARN_UNUSED_VARIABLE = YES;
				IPHONEOS_DEPLOYMENT_TARGET = 11.3;
				MTL_ENABLE_DEBUG_INFO = YES;
				ONLY_ACTIVE_ARCH = YES;
				SDKROOT = iphoneos;
				SWIFT_ACTIVE_COMPILATION_CONDITIONS = DEBUG;
				SWIFT_OPTIMIZATION_LEVEL = "-Onone";
			};
			name = Debug;
		};
		CCB923102073EE4300B1AF74 /* Release */ = {
			isa = XCBuildConfiguration;
			buildSettings = {
				ALWAYS_SEARCH_USER_PATHS = NO;
				CLANG_ANALYZER_NONNULL = YES;
				CLANG_ANALYZER_NUMBER_OBJECT_CONVERSION = YES_AGGRESSIVE;
				CLANG_CXX_LANGUAGE_STANDARD = "gnu++14";
				CLANG_CXX_LIBRARY = "libc++";
				CLANG_ENABLE_MODULES = YES;
				CLANG_ENABLE_OBJC_ARC = YES;
				CLANG_ENABLE_OBJC_WEAK = YES;
				CLANG_WARN_BLOCK_CAPTURE_AUTORELEASING = YES;
				CLANG_WARN_BOOL_CONVERSION = YES;
				CLANG_WARN_COMMA = YES;
				CLANG_WARN_CONSTANT_CONVERSION = YES;
				CLANG_WARN_DEPRECATED_OBJC_IMPLEMENTATIONS = YES;
				CLANG_WARN_DIRECT_OBJC_ISA_USAGE = YES_ERROR;
				CLANG_WARN_DOCUMENTATION_COMMENTS = YES;
				CLANG_WARN_EMPTY_BODY = YES;
				CLANG_WARN_ENUM_CONVERSION = YES;
				CLANG_WARN_INFINITE_RECURSION = YES;
				CLANG_WARN_INT_CONVERSION = YES;
				CLANG_WARN_NON_LITERAL_NULL_CONVERSION = YES;
				CLANG_WARN_OBJC_IMPLICIT_RETAIN_SELF = YES;
				CLANG_WARN_OBJC_LITERAL_CONVERSION = YES;
				CLANG_WARN_OBJC_ROOT_CLASS = YES_ERROR;
				CLANG_WARN_RANGE_LOOP_ANALYSIS = YES;
				CLANG_WARN_STRICT_PROTOTYPES = YES;
				CLANG_WARN_SUSPICIOUS_MOVE = YES;
				CLANG_WARN_UNGUARDED_AVAILABILITY = YES_AGGRESSIVE;
				CLANG_WARN_UNREACHABLE_CODE = YES;
				CLANG_WARN__DUPLICATE_METHOD_MATCH = YES;
				CODE_SIGN_IDENTITY = "iPhone Developer";
				COPY_PHASE_STRIP = NO;
				DEBUG_INFORMATION_FORMAT = "dwarf-with-dsym";
				ENABLE_NS_ASSERTIONS = NO;
				ENABLE_STRICT_OBJC_MSGSEND = YES;
				GCC_C_LANGUAGE_STANDARD = gnu11;
				GCC_NO_COMMON_BLOCKS = YES;
				GCC_WARN_64_TO_32_BIT_CONVERSION = YES;
				GCC_WARN_ABOUT_RETURN_TYPE = YES_ERROR;
				GCC_WARN_UNDECLARED_SELECTOR = YES;
				GCC_WARN_UNINITIALIZED_AUTOS = YES_AGGRESSIVE;
				GCC_WARN_UNUSED_FUNCTION = YES;
				GCC_WARN_UNUSED_VARIABLE = YES;
				IPHONEOS_DEPLOYMENT_TARGET = 11.3;
				MTL_ENABLE_DEBUG_INFO = NO;
				SDKROOT = iphoneos;
				SWIFT_COMPILATION_MODE = wholemodule;
				SWIFT_OPTIMIZATION_LEVEL = "-O";
				VALIDATE_PRODUCT = YES;
			};
			name = Release;
		};
		CCB923122073EE4300B1AF74 /* Debug */ = {
			isa = XCBuildConfiguration;
			baseConfigurationReference = BC0A96DBFB4717432F901293 /* Pods-CoachCoach.debug.xcconfig */;
			buildSettings = {
				ASSETCATALOG_COMPILER_APPICON_NAME = AppIcon;
				CODE_SIGN_STYLE = Automatic;
				DEVELOPMENT_TEAM = H6FAP3ZK8W;
				INFOPLIST_FILE = CoachCoach/Info.plist;
				LD_RUNPATH_SEARCH_PATHS = (
					"$(inherited)",
					"@executable_path/Frameworks",
				);
				PRODUCT_BUNDLE_IDENTIFIER = com.theshinanigans.CoachCoach;
				PRODUCT_NAME = "$(TARGET_NAME)";
				SWIFT_VERSION = 4.0;
				TARGETED_DEVICE_FAMILY = "1,2";
			};
			name = Debug;
		};
		CCB923132073EE4300B1AF74 /* Release */ = {
			isa = XCBuildConfiguration;
			baseConfigurationReference = 73EBA32CA9AAD571C17C5A74 /* Pods-CoachCoach.release.xcconfig */;
			buildSettings = {
				ASSETCATALOG_COMPILER_APPICON_NAME = AppIcon;
				CODE_SIGN_STYLE = Automatic;
				DEVELOPMENT_TEAM = H6FAP3ZK8W;
				INFOPLIST_FILE = CoachCoach/Info.plist;
				LD_RUNPATH_SEARCH_PATHS = (
					"$(inherited)",
					"@executable_path/Frameworks",
				);
				PRODUCT_BUNDLE_IDENTIFIER = com.theshinanigans.CoachCoach;
				PRODUCT_NAME = "$(TARGET_NAME)";
				SWIFT_VERSION = 4.0;
				TARGETED_DEVICE_FAMILY = "1,2";
			};
			name = Release;
		};
		CCB923152073EE4300B1AF74 /* Debug */ = {
			isa = XCBuildConfiguration;
			baseConfigurationReference = C413E034B9E5CE9FBF5DCC2D /* Pods-CoachCoachTests.debug.xcconfig */;
			buildSettings = {
				ALWAYS_EMBED_SWIFT_STANDARD_LIBRARIES = YES;
				BUNDLE_LOADER = "$(TEST_HOST)";
				CODE_SIGN_STYLE = Automatic;
				DEVELOPMENT_TEAM = H6FAP3ZK8W;
				INFOPLIST_FILE = CoachCoachTests/Info.plist;
				LD_RUNPATH_SEARCH_PATHS = (
					"$(inherited)",
					"@executable_path/Frameworks",
					"@loader_path/Frameworks",
				);
				PRODUCT_BUNDLE_IDENTIFIER = com.theshinanigans.CoachCoachTests;
				PRODUCT_NAME = "$(TARGET_NAME)";
				SWIFT_VERSION = 4.0;
				TARGETED_DEVICE_FAMILY = "1,2";
				TEST_HOST = "$(BUILT_PRODUCTS_DIR)/CoachCoach.app/CoachCoach";
			};
			name = Debug;
		};
		CCB923162073EE4300B1AF74 /* Release */ = {
			isa = XCBuildConfiguration;
			baseConfigurationReference = F6AE7A06D3FFC1A705B7A0D1 /* Pods-CoachCoachTests.release.xcconfig */;
			buildSettings = {
				ALWAYS_EMBED_SWIFT_STANDARD_LIBRARIES = YES;
				BUNDLE_LOADER = "$(TEST_HOST)";
				CODE_SIGN_STYLE = Automatic;
				DEVELOPMENT_TEAM = H6FAP3ZK8W;
				INFOPLIST_FILE = CoachCoachTests/Info.plist;
				LD_RUNPATH_SEARCH_PATHS = (
					"$(inherited)",
					"@executable_path/Frameworks",
					"@loader_path/Frameworks",
				);
				PRODUCT_BUNDLE_IDENTIFIER = com.theshinanigans.CoachCoachTests;
				PRODUCT_NAME = "$(TARGET_NAME)";
				SWIFT_VERSION = 4.0;
				TARGETED_DEVICE_FAMILY = "1,2";
				TEST_HOST = "$(BUILT_PRODUCTS_DIR)/CoachCoach.app/CoachCoach";
			};
			name = Release;
		};
		CCB923182073EE4300B1AF74 /* Debug */ = {
			isa = XCBuildConfiguration;
			baseConfigurationReference = 479EC275E09261988B2DC366 /* Pods-CoachCoachUITests.debug.xcconfig */;
			buildSettings = {
				ALWAYS_EMBED_SWIFT_STANDARD_LIBRARIES = YES;
				CODE_SIGN_STYLE = Automatic;
				DEVELOPMENT_TEAM = H6FAP3ZK8W;
				INFOPLIST_FILE = CoachCoachUITests/Info.plist;
				LD_RUNPATH_SEARCH_PATHS = (
					"$(inherited)",
					"@executable_path/Frameworks",
					"@loader_path/Frameworks",
				);
				PRODUCT_BUNDLE_IDENTIFIER = com.theshinanigans.CoachCoachUITests;
				PRODUCT_NAME = "$(TARGET_NAME)";
				SWIFT_VERSION = 4.0;
				TARGETED_DEVICE_FAMILY = "1,2";
				TEST_TARGET_NAME = CoachCoach;
			};
			name = Debug;
		};
		CCB923192073EE4300B1AF74 /* Release */ = {
			isa = XCBuildConfiguration;
			baseConfigurationReference = 19E4167C7AB1CE43A548596A /* Pods-CoachCoachUITests.release.xcconfig */;
			buildSettings = {
				ALWAYS_EMBED_SWIFT_STANDARD_LIBRARIES = YES;
				CODE_SIGN_STYLE = Automatic;
				DEVELOPMENT_TEAM = H6FAP3ZK8W;
				INFOPLIST_FILE = CoachCoachUITests/Info.plist;
				LD_RUNPATH_SEARCH_PATHS = (
					"$(inherited)",
					"@executable_path/Frameworks",
					"@loader_path/Frameworks",
				);
				PRODUCT_BUNDLE_IDENTIFIER = com.theshinanigans.CoachCoachUITests;
				PRODUCT_NAME = "$(TARGET_NAME)";
				SWIFT_VERSION = 4.0;
				TARGETED_DEVICE_FAMILY = "1,2";
				TEST_TARGET_NAME = CoachCoach;
			};
			name = Release;
		};
/* End XCBuildConfiguration section */

/* Begin XCConfigurationList section */
		CCB922E42073EE4200B1AF74 /* Build configuration list for PBXProject "CoachCoach" */ = {
			isa = XCConfigurationList;
			buildConfigurations = (
				CCB9230F2073EE4300B1AF74 /* Debug */,
				CCB923102073EE4300B1AF74 /* Release */,
			);
			defaultConfigurationIsVisible = 0;
			defaultConfigurationName = Release;
		};
		CCB923112073EE4300B1AF74 /* Build configuration list for PBXNativeTarget "CoachCoach" */ = {
			isa = XCConfigurationList;
			buildConfigurations = (
				CCB923122073EE4300B1AF74 /* Debug */,
				CCB923132073EE4300B1AF74 /* Release */,
			);
			defaultConfigurationIsVisible = 0;
			defaultConfigurationName = Release;
		};
		CCB923142073EE4300B1AF74 /* Build configuration list for PBXNativeTarget "CoachCoachTests" */ = {
			isa = XCConfigurationList;
			buildConfigurations = (
				CCB923152073EE4300B1AF74 /* Debug */,
				CCB923162073EE4300B1AF74 /* Release */,
			);
			defaultConfigurationIsVisible = 0;
			defaultConfigurationName = Release;
		};
		CCB923172073EE4300B1AF74 /* Build configuration list for PBXNativeTarget "CoachCoachUITests" */ = {
			isa = XCConfigurationList;
			buildConfigurations = (
				CCB923182073EE4300B1AF74 /* Debug */,
				CCB923192073EE4300B1AF74 /* Release */,
			);
			defaultConfigurationIsVisible = 0;
			defaultConfigurationName = Release;
		};
/* End XCConfigurationList section */
	};
	rootObject = CCB922E12073EE4200B1AF74 /* Project object */;
}
